
Microsoft Visual Studio Solution File, Format Version 12.00
# Visual Studio Version 16
VisualStudioVersion = 16.0.29806.167
MinimumVisualStudioVersion = 10.0.40219.1
Project("{54435603-DBB4-11D2-8724-00A0C9A8B90C}") = "Setup", "Setup\Setup.vdproj", "{DCD247EB-B1FA-4664-B750-BED922F6382E}"
EndProject
Project("{FAE04EC0-301F-11D3-BF4B-00C04F79EFBC}") = "Percentage", "Percentage\Percentage.csproj", "{3C82F041-E619-479C-BC0E-3A510B5308DF}"
EndProject
Project("{C7167F0D-BC9F-4E6E-AFE1-012C56B48DB5}") = "Packaging", "Packaging\Packaging.wapproj", "{72C80C7F-2968-434A-B04B-BEEFF231D582}"
EndProject
Global
	GlobalSection(SolutionConfigurationPlatforms) = preSolution
		Debug|Any CPU = Debug|Any CPU
		Debug|ARM = Debug|ARM
		Debug|ARM64 = Debug|ARM64
		Debug|x64 = Debug|x64
		Debug|x86 = Debug|x86
		Release|Any CPU = Release|Any CPU
		Release|ARM = Release|ARM
		Release|ARM64 = Release|ARM64
		Release|x64 = Release|x64
		Release|x86 = Release|x86
	EndGlobalSection
	GlobalSection(ProjectConfigurationPlatforms) = postSolution
		{DCD247EB-B1FA-4664-B750-BED922F6382E}.Debug|Any CPU.ActiveCfg = Debug
		{DCD247EB-B1FA-4664-B750-BED922F6382E}.Debug|ARM.ActiveCfg = Debug
		{DCD247EB-B1FA-4664-B750-BED922F6382E}.Debug|ARM.Build.0 = Debug
		{DCD247EB-B1FA-4664-B750-BED922F6382E}.Debug|ARM64.ActiveCfg = Debug
		{DCD247EB-B1FA-4664-B750-BED922F6382E}.Debug|ARM64.Build.0 = Debug
		{DCD247EB-B1FA-4664-B750-BED922F6382E}.Debug|x64.ActiveCfg = Debug
		{DCD247EB-B1FA-4664-B750-BED922F6382E}.Debug|x64.Build.0 = Debug
		{DCD247EB-B1FA-4664-B750-BED922F6382E}.Debug|x86.ActiveCfg = Debug
		{DCD247EB-B1FA-4664-B750-BED922F6382E}.Debug|x86.Build.0 = Debug
		{DCD247EB-B1FA-4664-B750-BED922F6382E}.Release|Any CPU.ActiveCfg = Release
		{DCD247EB-B1FA-4664-B750-BED922F6382E}.Release|ARM.ActiveCfg = Release
		{DCD247EB-B1FA-4664-B750-BED922F6382E}.Release|ARM.Build.0 = Release
		{DCD247EB-B1FA-4664-B750-BED922F6382E}.Release|ARM64.ActiveCfg = Release
		{DCD247EB-B1FA-4664-B750-BED922F6382E}.Release|ARM64.Build.0 = Release
		{DCD247EB-B1FA-4664-B750-BED922F6382E}.Release|x64.ActiveCfg = Release
		{DCD247EB-B1FA-4664-B750-BED922F6382E}.Release|x64.Build.0 = Release
		{DCD247EB-B1FA-4664-B750-BED922F6382E}.Release|x86.ActiveCfg = Release
		{DCD247EB-B1FA-4664-B750-BED922F6382E}.Release|x86.Build.0 = Release
		{3C82F041-E619-479C-BC0E-3A510B5308DF}.Debug|Any CPU.ActiveCfg = Debug|Any CPU
		{3C82F041-E619-479C-BC0E-3A510B5308DF}.Debug|Any CPU.Build.0 = Debug|Any CPU
		{3C82F041-E619-479C-BC0E-3A510B5308DF}.Debug|ARM.ActiveCfg = Debug|Any CPU
		{3C82F041-E619-479C-BC0E-3A510B5308DF}.Debug|ARM.Build.0 = Debug|Any CPU
		{3C82F041-E619-479C-BC0E-3A510B5308DF}.Debug|ARM64.ActiveCfg = Debug|Any CPU
		{3C82F041-E619-479C-BC0E-3A510B5308DF}.Debug|ARM64.Build.0 = Debug|Any CPU
		{3C82F041-E619-479C-BC0E-3A510B5308DF}.Debug|x64.ActiveCfg = Debug|Any CPU
		{3C82F041-E619-479C-BC0E-3A510B5308DF}.Debug|x64.Build.0 = Debug|Any CPU
		{3C82F041-E619-479C-BC0E-3A510B5308DF}.Debug|x86.ActiveCfg = Debug|Any CPU
		{3C82F041-E619-479C-BC0E-3A510B5308DF}.Debug|x86.Build.0 = Debug|Any CPU
		{3C82F041-E619-479C-BC0E-3A510B5308DF}.Release|Any CPU.ActiveCfg = Release|Any CPU
		{3C82F041-E619-479C-BC0E-3A510B5308DF}.Release|Any CPU.Build.0 = Release|Any CPU
		{3C82F041-E619-479C-BC0E-3A510B5308DF}.Release|ARM.ActiveCfg = Release|Any CPU
		{3C82F041-E619-479C-BC0E-3A510B5308DF}.Release|ARM.Build.0 = Release|Any CPU
		{3C82F041-E619-479C-BC0E-3A510B5308DF}.Release|ARM64.ActiveCfg = Release|Any CPU
		{3C82F041-E619-479C-BC0E-3A510B5308DF}.Release|ARM64.Build.0 = Release|Any CPU
		{3C82F041-E619-479C-BC0E-3A510B5308DF}.Release|x64.ActiveCfg = Release|Any CPU
		{3C82F041-E619-479C-BC0E-3A510B5308DF}.Release|x64.Build.0 = Release|Any CPU
		{3C82F041-E619-479C-BC0E-3A510B5308DF}.Release|x86.ActiveCfg = Release|Any CPU
		{3C82F041-E619-479C-BC0E-3A510B5308DF}.Release|x86.Build.0 = Release|Any CPU
		{72C80C7F-2968-434A-B04B-BEEFF231D582}.Debug|Any CPU.ActiveCfg = Debug|Any CPU
		{72C80C7F-2968-434A-B04B-BEEFF231D582}.Debug|Any CPU.Build.0 = Debug|Any CPU
		{72C80C7F-2968-434A-B04B-BEEFF231D582}.Debug|Any CPU.Deploy.0 = Debug|Any CPU
		{72C80C7F-2968-434A-B04B-BEEFF231D582}.Debug|ARM.ActiveCfg = Debug|ARM
		{72C80C7F-2968-434A-B04B-BEEFF231D582}.Debug|ARM.Build.0 = Debug|ARM
		{72C80C7F-2968-434A-B04B-BEEFF231D582}.Debug|ARM.Deploy.0 = Debug|ARM
		{72C80C7F-2968-434A-B04B-BEEFF231D582}.Debug|ARM64.ActiveCfg = Debug|ARM64
		{72C80C7F-2968-434A-B04B-BEEFF231D582}.Debug|ARM64.Build.0 = Debug|ARM64
		{72C80C7F-2968-434A-B04B-BEEFF231D582}.Debug|ARM64.Deploy.0 = Debug|ARM64
		{72C80C7F-2968-434A-B04B-BEEFF231D582}.Debug|x64.ActiveCfg = Debug|x64
		{72C80C7F-2968-434A-B04B-BEEFF231D582}.Debug|x64.Build.0 = Debug|x64
		{72C80C7F-2968-434A-B04B-BEEFF231D582}.Debug|x64.Deploy.0 = Debug|x64
		{72C80C7F-2968-434A-B04B-BEEFF231D582}.Debug|x86.ActiveCfg = Debug|x86
		{72C80C7F-2968-434A-B04B-BEEFF231D582}.Debug|x86.Build.0 = Debug|x86
		{72C80C7F-2968-434A-B04B-BEEFF231D582}.Debug|x86.Deploy.0 = Debug|x86
		{72C80C7F-2968-434A-B04B-BEEFF231D582}.Release|Any CPU.ActiveCfg = Release|Any CPU
		{72C80C7F-2968-434A-B04B-BEEFF231D582}.Release|Any CPU.Build.0 = Release|Any CPU
		{72C80C7F-2968-434A-B04B-BEEFF231D582}.Release|Any CPU.Deploy.0 = Release|Any CPU
		{72C80C7F-2968-434A-B04B-BEEFF231D582}.Release|ARM.ActiveCfg = Release|ARM
		{72C80C7F-2968-434A-B04B-BEEFF231D582}.Release|ARM.Build.0 = Release|ARM
		{72C80C7F-2968-434A-B04B-BEEFF231D582}.Release|ARM.Deploy.0 = Release|ARM
		{72C80C7F-2968-434A-B04B-BEEFF231D582}.Release|ARM64.ActiveCfg = Release|ARM64
		{72C80C7F-2968-434A-B04B-BEEFF231D582}.Release|ARM64.Build.0 = Release|ARM64
		{72C80C7F-2968-434A-B04B-BEEFF231D582}.Release|ARM64.Deploy.0 = Release|ARM64
		{72C80C7F-2968-434A-B04B-BEEFF231D582}.Release|x64.ActiveCfg = Release|x64
		{72C80C7F-2968-434A-B04B-BEEFF231D582}.Release|x64.Build.0 = Release|x64
		{72C80C7F-2968-434A-B04B-BEEFF231D582}.Release|x64.Deploy.0 = Release|x64
		{72C80C7F-2968-434A-B04B-BEEFF231D582}.Release|x86.ActiveCfg = Release|x86
		{72C80C7F-2968-434A-B04B-BEEFF231D582}.Release|x86.Build.0 = Release|x86
		{72C80C7F-2968-434A-B04B-BEEFF231D582}.Release|x86.Deploy.0 = Release|x86
	EndGlobalSection
	GlobalSection(SolutionProperties) = preSolution
		HideSolutionNode = FALSE
	EndGlobalSection
	GlobalSection(ExtensibilityGlobals) = postSolution
		SolutionGuid = {5A5EAB95-4616-41AA-B481-34B0C08D2DF0}
	EndGlobalSection
EndGlobal
