
Microsoft Visual Studio Solution File, Format Version 12.00
# Visual Studio Version 17
VisualStudioVersion = 17.0.32014.148
MinimumVisualStudioVersion = 10.0.40219.1
Project("{C7167F0D-BC9F-4E6E-AFE1-012C56B48DB5}") = "Packaging", "Packaging\Packaging.wapproj", "{72C80C7F-2968-434A-B04B-BEEFF231D582}"
EndProject
Project("{FAE04EC0-301F-11D3-BF4B-00C04F79EFBC}") = "Wpf", "Wpf\Wpf.csproj", "{A94B2B69-0AE4-44A2-BA60-863C686F327F}"
EndProject
Global
	GlobalSection(SolutionConfigurationPlatforms) = preSolution
		Debug|Any CPU = Debug|Any CPU
		Release|Any CPU = Release|Any CPU
	EndGlobalSection
	GlobalSection(ProjectConfigurationPlatforms) = postSolution
		{72C80C7F-2968-434A-B04B-BEEFF231D582}.Debug|Any CPU.ActiveCfg = Debug|Any CPU
		{72C80C7F-2968-434A-B04B-BEEFF231D582}.Debug|Any CPU.Build.0 = Debug|Any CPU
		{72C80C7F-2968-434A-B04B-BEEFF231D582}.Debug|Any CPU.Deploy.0 = Debug|Any CPU
		{72C80C7F-2968-434A-B04B-BEEFF231D582}.Release|Any CPU.ActiveCfg = Release|Any CPU
		{72C80C7F-2968-434A-B04B-BEEFF231D582}.Release|Any CPU.Build.0 = Release|Any CPU
		{72C80C7F-2968-434A-B04B-BEEFF231D582}.Release|Any CPU.Deploy.0 = Release|Any CPU
		{A94B2B69-0AE4-44A2-BA60-863C686F327F}.Debug|Any CPU.ActiveCfg = Debug|Any CPU
		{A94B2B69-0AE4-44A2-BA60-863C686F327F}.Debug|Any CPU.Build.0 = Debug|Any CPU
		{A94B2B69-0AE4-44A2-BA60-863C686F327F}.Release|Any CPU.ActiveCfg = Release|Any CPU
		{A94B2B69-0AE4-44A2-BA60-863C686F327F}.Release|Any CPU.Build.0 = Release|Any CPU
	EndGlobalSection
	GlobalSection(SolutionProperties) = preSolution
		HideSolutionNode = FALSE
	EndGlobalSection
	GlobalSection(ExtensibilityGlobals) = postSolution
		SolutionGuid = {5A5EAB95-4616-41AA-B481-34B0C08D2DF0}
	EndGlobalSection
EndGlobal
