
Microsoft Visual Studio Solution File, Format Version 12.00
# Visual Studio Version 17
VisualStudioVersion = 17.0.32014.148
MinimumVisualStudioVersion = 10.0.40219.1
Project("{C7167F0D-BC9F-4E6E-AFE1-012C56B48DB5}") = "Packaging", "Packaging\Packaging.wapproj", "{72C80C7F-2968-434A-B04B-BEEFF231D582}"
EndProject
Project("{FAE04EC0-301F-11D3-BF4B-00C04F79EFBC}") = "Wpf", "Wpf\Wpf.csproj", "{A94B2B69-0AE4-44A2-BA60-863C686F327F}"
EndProject
Project("{9A19103F-16F7-4668-BE54-9A1E7A4F7556}") = "Ui.Net", "Ui.Net\Ui.Net.csproj", "{9634E157-0066-4E79-A99B-97E0445031F5}"
EndProject
Project("{FAE04EC0-301F-11D3-BF4B-00C04F79EFBC}") = "Ui.Uwp.App", "Ui.Uwp.App\Ui.Uwp.App.csproj", "{5B967760-DA7F-4F6D-BCB2-DF1AE948706B}"
EndProject
Project("{FAE04EC0-301F-11D3-BF4B-00C04F79EFBC}") = "Ui.Uwp", "Ui.Uwp\Ui.Uwp.csproj", "{09A20D1A-AEA8-4BEB-BF3F-C00106438396}"
EndProject
Global
	GlobalSection(SolutionConfigurationPlatforms) = preSolution
		Debug|Any CPU = Debug|Any CPU
		Debug|ARM = Debug|ARM
		Debug|ARM64 = Debug|ARM64
		Debug|x64 = Debug|x64
		Debug|x86 = Debug|x86
		Release|Any CPU = Release|Any CPU
		Release|ARM = Release|ARM
		Release|ARM64 = Release|ARM64
		Release|x64 = Release|x64
		Release|x86 = Release|x86
	EndGlobalSection
	GlobalSection(ProjectConfigurationPlatforms) = postSolution
		{72C80C7F-2968-434A-B04B-BEEFF231D582}.Debug|Any CPU.ActiveCfg = Debug|Any CPU
		{72C80C7F-2968-434A-B04B-BEEFF231D582}.Debug|Any CPU.Build.0 = Debug|Any CPU
		{72C80C7F-2968-434A-B04B-BEEFF231D582}.Debug|Any CPU.Deploy.0 = Debug|Any CPU
		{72C80C7F-2968-434A-B04B-BEEFF231D582}.Debug|ARM.ActiveCfg = Debug|Any CPU
		{72C80C7F-2968-434A-B04B-BEEFF231D582}.Debug|ARM.Build.0 = Debug|Any CPU
		{72C80C7F-2968-434A-B04B-BEEFF231D582}.Debug|ARM.Deploy.0 = Debug|Any CPU
		{72C80C7F-2968-434A-B04B-BEEFF231D582}.Debug|ARM64.ActiveCfg = Debug|Any CPU
		{72C80C7F-2968-434A-B04B-BEEFF231D582}.Debug|ARM64.Build.0 = Debug|Any CPU
		{72C80C7F-2968-434A-B04B-BEEFF231D582}.Debug|ARM64.Deploy.0 = Debug|Any CPU
		{72C80C7F-2968-434A-B04B-BEEFF231D582}.Debug|x64.ActiveCfg = Debug|x64
		{72C80C7F-2968-434A-B04B-BEEFF231D582}.Debug|x64.Build.0 = Debug|x64
		{72C80C7F-2968-434A-B04B-BEEFF231D582}.Debug|x64.Deploy.0 = Debug|x64
		{72C80C7F-2968-434A-B04B-BEEFF231D582}.Debug|x86.ActiveCfg = Debug|Any CPU
		{72C80C7F-2968-434A-B04B-BEEFF231D582}.Debug|x86.Build.0 = Debug|Any CPU
		{72C80C7F-2968-434A-B04B-BEEFF231D582}.Debug|x86.Deploy.0 = Debug|Any CPU
		{72C80C7F-2968-434A-B04B-BEEFF231D582}.Release|Any CPU.ActiveCfg = Release|Any CPU
		{72C80C7F-2968-434A-B04B-BEEFF231D582}.Release|Any CPU.Build.0 = Release|Any CPU
		{72C80C7F-2968-434A-B04B-BEEFF231D582}.Release|Any CPU.Deploy.0 = Release|Any CPU
		{72C80C7F-2968-434A-B04B-BEEFF231D582}.Release|ARM.ActiveCfg = Release|Any CPU
		{72C80C7F-2968-434A-B04B-BEEFF231D582}.Release|ARM.Build.0 = Release|Any CPU
		{72C80C7F-2968-434A-B04B-BEEFF231D582}.Release|ARM.Deploy.0 = Release|Any CPU
		{72C80C7F-2968-434A-B04B-BEEFF231D582}.Release|ARM64.ActiveCfg = Release|Any CPU
		{72C80C7F-2968-434A-B04B-BEEFF231D582}.Release|ARM64.Build.0 = Release|Any CPU
		{72C80C7F-2968-434A-B04B-BEEFF231D582}.Release|ARM64.Deploy.0 = Release|Any CPU
		{72C80C7F-2968-434A-B04B-BEEFF231D582}.Release|x64.ActiveCfg = Release|x64
		{72C80C7F-2968-434A-B04B-BEEFF231D582}.Release|x64.Build.0 = Release|x64
		{72C80C7F-2968-434A-B04B-BEEFF231D582}.Release|x64.Deploy.0 = Release|x64
		{72C80C7F-2968-434A-B04B-BEEFF231D582}.Release|x86.ActiveCfg = Release|Any CPU
		{72C80C7F-2968-434A-B04B-BEEFF231D582}.Release|x86.Build.0 = Release|Any CPU
		{72C80C7F-2968-434A-B04B-BEEFF231D582}.Release|x86.Deploy.0 = Release|Any CPU
		{A94B2B69-0AE4-44A2-BA60-863C686F327F}.Debug|Any CPU.ActiveCfg = Debug|Any CPU
		{A94B2B69-0AE4-44A2-BA60-863C686F327F}.Debug|Any CPU.Build.0 = Debug|Any CPU
		{A94B2B69-0AE4-44A2-BA60-863C686F327F}.Debug|ARM.ActiveCfg = Debug|Any CPU
		{A94B2B69-0AE4-44A2-BA60-863C686F327F}.Debug|ARM.Build.0 = Debug|Any CPU
		{A94B2B69-0AE4-44A2-BA60-863C686F327F}.Debug|ARM64.ActiveCfg = Debug|Any CPU
		{A94B2B69-0AE4-44A2-BA60-863C686F327F}.Debug|ARM64.Build.0 = Debug|Any CPU
		{A94B2B69-0AE4-44A2-BA60-863C686F327F}.Debug|x64.ActiveCfg = Debug|x64
		{A94B2B69-0AE4-44A2-BA60-863C686F327F}.Debug|x64.Build.0 = Debug|x64
		{A94B2B69-0AE4-44A2-BA60-863C686F327F}.Debug|x86.ActiveCfg = Debug|Any CPU
		{A94B2B69-0AE4-44A2-BA60-863C686F327F}.Debug|x86.Build.0 = Debug|Any CPU
		{A94B2B69-0AE4-44A2-BA60-863C686F327F}.Release|Any CPU.ActiveCfg = Release|Any CPU
		{A94B2B69-0AE4-44A2-BA60-863C686F327F}.Release|Any CPU.Build.0 = Release|Any CPU
		{A94B2B69-0AE4-44A2-BA60-863C686F327F}.Release|ARM.ActiveCfg = Release|Any CPU
		{A94B2B69-0AE4-44A2-BA60-863C686F327F}.Release|ARM.Build.0 = Release|Any CPU
		{A94B2B69-0AE4-44A2-BA60-863C686F327F}.Release|ARM64.ActiveCfg = Release|Any CPU
		{A94B2B69-0AE4-44A2-BA60-863C686F327F}.Release|ARM64.Build.0 = Release|Any CPU
		{A94B2B69-0AE4-44A2-BA60-863C686F327F}.Release|x64.ActiveCfg = Release|x64
		{A94B2B69-0AE4-44A2-BA60-863C686F327F}.Release|x64.Build.0 = Release|x64
		{A94B2B69-0AE4-44A2-BA60-863C686F327F}.Release|x86.ActiveCfg = Release|Any CPU
		{A94B2B69-0AE4-44A2-BA60-863C686F327F}.Release|x86.Build.0 = Release|Any CPU
		{9634E157-0066-4E79-A99B-97E0445031F5}.Debug|Any CPU.ActiveCfg = Debug|Any CPU
		{9634E157-0066-4E79-A99B-97E0445031F5}.Debug|Any CPU.Build.0 = Debug|Any CPU
		{9634E157-0066-4E79-A99B-97E0445031F5}.Debug|ARM.ActiveCfg = Debug|Any CPU
		{9634E157-0066-4E79-A99B-97E0445031F5}.Debug|ARM.Build.0 = Debug|Any CPU
		{9634E157-0066-4E79-A99B-97E0445031F5}.Debug|ARM64.ActiveCfg = Debug|Any CPU
		{9634E157-0066-4E79-A99B-97E0445031F5}.Debug|ARM64.Build.0 = Debug|Any CPU
		{9634E157-0066-4E79-A99B-97E0445031F5}.Debug|x64.ActiveCfg = Debug|x64
		{9634E157-0066-4E79-A99B-97E0445031F5}.Debug|x64.Build.0 = Debug|x64
		{9634E157-0066-4E79-A99B-97E0445031F5}.Debug|x86.ActiveCfg = Debug|Any CPU
		{9634E157-0066-4E79-A99B-97E0445031F5}.Debug|x86.Build.0 = Debug|Any CPU
		{9634E157-0066-4E79-A99B-97E0445031F5}.Release|Any CPU.ActiveCfg = Release|Any CPU
		{9634E157-0066-4E79-A99B-97E0445031F5}.Release|Any CPU.Build.0 = Release|Any CPU
		{9634E157-0066-4E79-A99B-97E0445031F5}.Release|ARM.ActiveCfg = Release|Any CPU
		{9634E157-0066-4E79-A99B-97E0445031F5}.Release|ARM.Build.0 = Release|Any CPU
		{9634E157-0066-4E79-A99B-97E0445031F5}.Release|ARM64.ActiveCfg = Release|Any CPU
		{9634E157-0066-4E79-A99B-97E0445031F5}.Release|ARM64.Build.0 = Release|Any CPU
		{9634E157-0066-4E79-A99B-97E0445031F5}.Release|x64.ActiveCfg = Release|x64
		{9634E157-0066-4E79-A99B-97E0445031F5}.Release|x64.Build.0 = Release|x64
		{9634E157-0066-4E79-A99B-97E0445031F5}.Release|x86.ActiveCfg = Release|Any CPU
		{9634E157-0066-4E79-A99B-97E0445031F5}.Release|x86.Build.0 = Release|Any CPU
		{5B967760-DA7F-4F6D-BCB2-DF1AE948706B}.Debug|Any CPU.ActiveCfg = Debug|x64
		{5B967760-DA7F-4F6D-BCB2-DF1AE948706B}.Debug|Any CPU.Build.0 = Debug|x64
		{5B967760-DA7F-4F6D-BCB2-DF1AE948706B}.Debug|Any CPU.Deploy.0 = Debug|x64
		{5B967760-DA7F-4F6D-BCB2-DF1AE948706B}.Debug|ARM.ActiveCfg = Debug|ARM
		{5B967760-DA7F-4F6D-BCB2-DF1AE948706B}.Debug|ARM.Build.0 = Debug|ARM
		{5B967760-DA7F-4F6D-BCB2-DF1AE948706B}.Debug|ARM.Deploy.0 = Debug|ARM
		{5B967760-DA7F-4F6D-BCB2-DF1AE948706B}.Debug|ARM64.ActiveCfg = Debug|ARM64
		{5B967760-DA7F-4F6D-BCB2-DF1AE948706B}.Debug|ARM64.Build.0 = Debug|ARM64
		{5B967760-DA7F-4F6D-BCB2-DF1AE948706B}.Debug|ARM64.Deploy.0 = Debug|ARM64
		{5B967760-DA7F-4F6D-BCB2-DF1AE948706B}.Debug|x64.ActiveCfg = Debug|x64
		{5B967760-DA7F-4F6D-BCB2-DF1AE948706B}.Debug|x64.Build.0 = Debug|x64
		{5B967760-DA7F-4F6D-BCB2-DF1AE948706B}.Debug|x64.Deploy.0 = Debug|x64
		{5B967760-DA7F-4F6D-BCB2-DF1AE948706B}.Debug|x86.ActiveCfg = Debug|x86
		{5B967760-DA7F-4F6D-BCB2-DF1AE948706B}.Debug|x86.Build.0 = Debug|x86
		{5B967760-DA7F-4F6D-BCB2-DF1AE948706B}.Debug|x86.Deploy.0 = Debug|x86
		{5B967760-DA7F-4F6D-BCB2-DF1AE948706B}.Release|Any CPU.ActiveCfg = Release|x64
		{5B967760-DA7F-4F6D-BCB2-DF1AE948706B}.Release|Any CPU.Build.0 = Release|x64
		{5B967760-DA7F-4F6D-BCB2-DF1AE948706B}.Release|Any CPU.Deploy.0 = Release|x64
		{5B967760-DA7F-4F6D-BCB2-DF1AE948706B}.Release|ARM.ActiveCfg = Release|ARM
		{5B967760-DA7F-4F6D-BCB2-DF1AE948706B}.Release|ARM.Build.0 = Release|ARM
		{5B967760-DA7F-4F6D-BCB2-DF1AE948706B}.Release|ARM.Deploy.0 = Release|ARM
		{5B967760-DA7F-4F6D-BCB2-DF1AE948706B}.Release|ARM64.ActiveCfg = Release|ARM64
		{5B967760-DA7F-4F6D-BCB2-DF1AE948706B}.Release|ARM64.Build.0 = Release|ARM64
		{5B967760-DA7F-4F6D-BCB2-DF1AE948706B}.Release|ARM64.Deploy.0 = Release|ARM64
		{5B967760-DA7F-4F6D-BCB2-DF1AE948706B}.Release|x64.ActiveCfg = Release|x64
		{5B967760-DA7F-4F6D-BCB2-DF1AE948706B}.Release|x64.Build.0 = Release|x64
		{5B967760-DA7F-4F6D-BCB2-DF1AE948706B}.Release|x64.Deploy.0 = Release|x64
		{5B967760-DA7F-4F6D-BCB2-DF1AE948706B}.Release|x86.ActiveCfg = Release|x86
		{5B967760-DA7F-4F6D-BCB2-DF1AE948706B}.Release|x86.Build.0 = Release|x86
		{5B967760-DA7F-4F6D-BCB2-DF1AE948706B}.Release|x86.Deploy.0 = Release|x86
		{09A20D1A-AEA8-4BEB-BF3F-C00106438396}.Debug|Any CPU.ActiveCfg = Debug|Any CPU
		{09A20D1A-AEA8-4BEB-BF3F-C00106438396}.Debug|Any CPU.Build.0 = Debug|Any CPU
		{09A20D1A-AEA8-4BEB-BF3F-C00106438396}.Debug|ARM.ActiveCfg = Debug|ARM
		{09A20D1A-AEA8-4BEB-BF3F-C00106438396}.Debug|ARM.Build.0 = Debug|ARM
		{09A20D1A-AEA8-4BEB-BF3F-C00106438396}.Debug|ARM64.ActiveCfg = Debug|ARM64
		{09A20D1A-AEA8-4BEB-BF3F-C00106438396}.Debug|ARM64.Build.0 = Debug|ARM64
		{09A20D1A-AEA8-4BEB-BF3F-C00106438396}.Debug|x64.ActiveCfg = Debug|x64
		{09A20D1A-AEA8-4BEB-BF3F-C00106438396}.Debug|x64.Build.0 = Debug|x64
		{09A20D1A-AEA8-4BEB-BF3F-C00106438396}.Debug|x86.ActiveCfg = Debug|x86
		{09A20D1A-AEA8-4BEB-BF3F-C00106438396}.Debug|x86.Build.0 = Debug|x86
		{09A20D1A-AEA8-4BEB-BF3F-C00106438396}.Release|Any CPU.ActiveCfg = Release|Any CPU
		{09A20D1A-AEA8-4BEB-BF3F-C00106438396}.Release|Any CPU.Build.0 = Release|Any CPU
		{09A20D1A-AEA8-4BEB-BF3F-C00106438396}.Release|ARM.ActiveCfg = Release|ARM
		{09A20D1A-AEA8-4BEB-BF3F-C00106438396}.Release|ARM.Build.0 = Release|ARM
		{09A20D1A-AEA8-4BEB-BF3F-C00106438396}.Release|ARM64.ActiveCfg = Release|ARM64
		{09A20D1A-AEA8-4BEB-BF3F-C00106438396}.Release|ARM64.Build.0 = Release|ARM64
		{09A20D1A-AEA8-4BEB-BF3F-C00106438396}.Release|x64.ActiveCfg = Release|x64
		{09A20D1A-AEA8-4BEB-BF3F-C00106438396}.Release|x64.Build.0 = Release|x64
		{09A20D1A-AEA8-4BEB-BF3F-C00106438396}.Release|x86.ActiveCfg = Release|x86
		{09A20D1A-AEA8-4BEB-BF3F-C00106438396}.Release|x86.Build.0 = Release|x86
	EndGlobalSection
	GlobalSection(SolutionProperties) = preSolution
		HideSolutionNode = FALSE
	EndGlobalSection
	GlobalSection(ExtensibilityGlobals) = postSolution
		SolutionGuid = {5A5EAB95-4616-41AA-B481-34B0C08D2DF0}
	EndGlobalSection
EndGlobal
